Microsoft Visual Studio Solution File, Format Version 12.00
# Visual Studio Version 17
VisualStudioVersion = 17.13.35931.197
MinimumVisualStudioVersion = 10.0.40219.1
Project("{FAE04EC0-301F-11D3-BF4B-00C04F79EFBC}") = "Calculator", "Calculator.csproj", "{CC2CBBEA-3B24-4993-9E6A-211E07B57E9B}"
EndProject
Global
	GlobalSection(SolutionConfigurationPlatforms) = preSolution
		Debug|Any CPU = Debug|Any CPU
		Debug|ARM64 = Debug|ARM64
		Debug|x86 = Debug|x86
		Release|Any CPU = Release|Any CPU
		Release|ARM64 = Release|ARM64
		Release|x86 = Release|x86
	EndGlobalSection
	GlobalSection(ProjectConfigurationPlatforms) = postSolution
		{CC2CBBEA-3B24-4993-9E6A-211E07B57E9B}.Debug|Any CPU.ActiveCfg = Debug|Any CPU
		{CC2CBBEA-3B24-4993-9E6A-211E07B57E9B}.Debug|Any CPU.Build.0 = Debug|Any CPU
		{CC2CBBEA-3B24-4993-9E6A-211E07B57E9B}.Debug|ARM64.ActiveCfg = Debug|ARM64
		{CC2CBBEA-3B24-4993-9E6A-211E07B57E9B}.Debug|ARM64.Build.0 = Debug|ARM64
		{CC2CBBEA-3B24-4993-9E6A-211E07B57E9B}.Debug|x86.ActiveCfg = Debug|Any CPU
		{CC2CBBEA-3B24-4993-9E6A-211E07B57E9B}.Debug|x86.Build.0 = Debug|Any CPU
		{CC2CBBEA-3B24-4993-9E6A-211E07B57E9B}.Release|Any CPU.ActiveCfg = Release|Any CPU
		{CC2CBBEA-3B24-4993-9E6A-211E07B57E9B}.Release|Any CPU.Build.0 = Release|Any CPU
		{CC2CBBEA-3B24-4993-9E6A-211E07B57E9B}.Release|ARM64.ActiveCfg = Release|ARM64
		{CC2CBBEA-3B24-4993-9E6A-211E07B57E9B}.Release|ARM64.Build.0 = Release|ARM64
		{CC2CBBEA-3B24-4993-9E6A-211E07B57E9B}.Release|x86.ActiveCfg = Release|x86
		{CC2CBBEA-3B24-4993-9E6A-211E07B57E9B}.Release|x86.Build.0 = Release|x86
	EndGlobalSection
	GlobalSection(SolutionProperties) = preSolution
		HideSolutionNode = FALSE
	EndGlobalSection
	GlobalSection(ExtensibilityGlobals) = postSolution
		SolutionGuid = {D6E67071-3A6D-410B-8857-7244CF46EE9E}
	EndGlobalSection
EndGlobal
